
Microsoft Visual Studio Solution File, Format Version 12.00
# Visual Studio Version 17
VisualStudioVersion = 17.6.33829.357
MinimumVisualStudioVersion = 10.0.40219.1
Project("{FAE04EC0-301F-11D3-BF4B-00C04F79EFBC}") = "playstation", "playstation\playstation.csproj", "{FCDBC97E-390C-4219-900C-4CDC5E183D26}"
EndProject
Global
	GlobalSection(SolutionConfigurationPlatforms) = preSolution
		Debug|Any CPU = Debug|Any CPU
		Release|Any CPU = Release|Any CPU
	EndGlobalSection
	GlobalSection(ProjectConfigurationPlatforms) = postSolution
		{FCDBC97E-390C-4219-900C-4CDC5E183D26}.Debug|Any CPU.ActiveCfg = Debug|Any CPU
		{FCDBC97E-390C-4219-900C-4CDC5E183D26}.Debug|Any CPU.Build.0 = Debug|Any CPU
		{FCDBC97E-390C-4219-900C-4CDC5E183D26}.Release|Any CPU.ActiveCfg = Release|Any CPU
		{FCDBC97E-390C-4219-900C-4CDC5E183D26}.Release|Any CPU.Build.0 = Release|Any CPU
	EndGlobalSection
	GlobalSection(SolutionProperties) = preSolution
		HideSolutionNode = FALSE
	EndGlobalSection
	GlobalSection(ExtensibilityGlobals) = postSolution
		SolutionGuid = {8E30FAF5-0F9D-4627-8123-1039834502DB}
	EndGlobalSection
EndGlobal
